
Microsoft Visual Studio Solution File, Format Version 12.00
# Visual Studio 15
VisualStudioVersion = 15.0.28307.489
MinimumVisualStudioVersion = 10.0.40219.1
Project("{FAE04EC0-301F-11D3-BF4B-00C04F79EFBC}") = "OutlookFileDrag", "OutlookFileDrag\OutlookFileDrag.csproj", "{88E6522A-C68B-42C8-8B5E-9C959BA6C415}"
EndProject
Project("{2150E333-8FDC-42A3-9474-1A3956D46DE8}") = "Documents", "Documents", "{7A072433-B080-41DB-A449-19F4B547610B}"
	ProjectSection(SolutionItems) = preProject
		LICENSE = LICENSE
		License.rtf = License.rtf
		Readme.md = Readme.md
	EndProjectSection
EndProject
Global
	GlobalSection(SolutionConfigurationPlatforms) = preSolution
		CD_ROM|Any CPU = CD_ROM|Any CPU
		Debug|Any CPU = Debug|Any CPU
		DVD-5|Any CPU = DVD-5|Any CPU
		Release|Any CPU = Release|Any CPU
		SingleImage|Any CPU = SingleImage|Any CPU
	EndGlobalSection
	GlobalSection(ProjectConfigurationPlatforms) = postSolution
		{88E6522A-C68B-42C8-8B5E-9C959BA6C415}.CD_ROM|Any CPU.ActiveCfg = Release|Any CPU
		{88E6522A-C68B-42C8-8B5E-9C959BA6C415}.CD_ROM|Any CPU.Build.0 = Release|Any CPU
		{88E6522A-C68B-42C8-8B5E-9C959BA6C415}.Debug|Any CPU.ActiveCfg = Debug|Any CPU
		{88E6522A-C68B-42C8-8B5E-9C959BA6C415}.Debug|Any CPU.Build.0 = Debug|Any CPU
		{88E6522A-C68B-42C8-8B5E-9C959BA6C415}.DVD-5|Any CPU.ActiveCfg = Debug|Any CPU
		{88E6522A-C68B-42C8-8B5E-9C959BA6C415}.DVD-5|Any CPU.Build.0 = Debug|Any CPU
		{88E6522A-C68B-42C8-8B5E-9C959BA6C415}.Release|Any CPU.ActiveCfg = Release|Any CPU
		{88E6522A-C68B-42C8-8B5E-9C959BA6C415}.Release|Any CPU.Build.0 = Release|Any CPU
		{88E6522A-C68B-42C8-8B5E-9C959BA6C415}.SingleImage|Any CPU.ActiveCfg = Release|Any CPU
		{88E6522A-C68B-42C8-8B5E-9C959BA6C415}.SingleImage|Any CPU.Build.0 = Release|Any CPU
	EndGlobalSection
	GlobalSection(SolutionProperties) = preSolution
		HideSolutionNode = FALSE
	EndGlobalSection
	GlobalSection(ExtensibilityGlobals) = postSolution
		SolutionGuid = {A42063DA-1740-4189-A8EF-7E02493F33D8}
	EndGlobalSection
EndGlobal
